
Microsoft Visual Studio Solution File, Format Version 12.00
# Visual Studio Version 16
VisualStudioVersion = 16.0.29123.88
MinimumVisualStudioVersion = 10.0.40219.1
Project("{FAE04EC0-301F-11D3-BF4B-00C04F79EFBC}") = "altClothTool", "altClothTool.App\altClothTool.App.csproj", "{064EA8C0-7ADF-43DC-BEA0-5852DA38C3AA}"
EndProject
Global
	GlobalSection(SolutionConfigurationPlatforms) = preSolution
		Debug|Any CPU = Debug|Any CPU
		Release|Any CPU = Release|Any CPU
	EndGlobalSection
	GlobalSection(ProjectConfigurationPlatforms) = postSolution
		{064EA8C0-7ADF-43DC-BEA0-5852DA38C3AA}.Debug|Any CPU.ActiveCfg = Debug|Any CPU
		{064EA8C0-7ADF-43DC-BEA0-5852DA38C3AA}.Debug|Any CPU.Build.0 = Debug|Any CPU
		{064EA8C0-7ADF-43DC-BEA0-5852DA38C3AA}.Release|Any CPU.ActiveCfg = Release|Any CPU
		{064EA8C0-7ADF-43DC-BEA0-5852DA38C3AA}.Release|Any CPU.Build.0 = Release|Any CPU
	EndGlobalSection
	GlobalSection(SolutionProperties) = preSolution
		HideSolutionNode = FALSE
	EndGlobalSection
	GlobalSection(ExtensibilityGlobals) = postSolution
		SolutionGuid = {9807173A-A635-4D55-8663-161E34393841}
	EndGlobalSection
EndGlobal
